{
  "lockfileVersion": 1,
  "workspaces": {
    "": {
      "dependencies": {
        "-": "^0.0.1",
        "@anthropic-ai/claude-code": "^0.2.9",
        "extpay": "^3.0.7",
        "webextension-polyfill": "^0.12.0",
      },
      "devDependencies": {
        "@happy-dom/global-registrator": "^17.1.1",
        "@playwright/test": "^1.50.1",
        "@total-typescript/ts-reset": "^0.6.1",
        "@types/bun": "latest",
        "@types/chrome": "^0.0.243",
        "@types/node": "^22.9.0",
        "@types/webextension-polyfill": "^0.12.2",
        "playwright": "^1.50.1",
      },
      "peerDependencies": {
        "typescript": "^5.0.0",
      },
    },
  },
  "packages": {
    "-": ["-@0.0.1", "", {}, "sha512-3HfneK3DGAm05fpyj20sT3apkNcvPpCuccOThOPdzz8sY7GgQGe0l93XH9bt+YzibcTIgUAIMoyVJI740RtgyQ=="],

    "@anthropic-ai/claude-code": ["@anthropic-ai/claude-code@0.2.9", "", { "optionalDependencies": { "@img/sharp-darwin-arm64": "^0.33.5", "@img/sharp-linux-arm": "^0.33.5", "@img/sharp-linux-x64": "^0.33.5", "@img/sharp-win32-x64": "^0.33.5" }, "bin": { "claude": "cli.mjs" } }, "sha512-UGSEQbgDvhlEXC8rf5ASDXRSaq6Nfd4owY7k9bDdRhX9N5q8cMN+5vfTN1ezZhBcRFMOnpEK4eRSEgXW3eDeOQ=="],

    "@happy-dom/global-registrator": ["@happy-dom/global-registrator@17.1.1", "", { "dependencies": { "happy-dom": "^17.1.1" } }, "sha512-if4TVRU4SnQwpOC9pN/a892nXPpctqER/rYIS9E/YsqwpaPANhMjFM7/+Ibd748gP6OuDJbspQ0axFrCscI1og=="],

    "@img/sharp-darwin-arm64": ["@img/sharp-darwin-arm64@0.33.5", "", { "optionalDependencies": { "@img/sharp-libvips-darwin-arm64": "1.0.4" }, "os": "darwin", "cpu": "arm64" }, "sha512-UT4p+iz/2H4twwAoLCqfA9UH5pI6DggwKEGuaPy7nCVQ8ZsiY5PIcrRvD1DzuY3qYL07NtIQcWnBSY/heikIFQ=="],

    "@img/sharp-libvips-darwin-arm64": ["@img/sharp-libvips-darwin-arm64@1.0.4", "", { "os": "darwin", "cpu": "arm64" }, "sha512-XblONe153h0O2zuFfTAbQYAX2JhYmDHeWikp1LM9Hul9gVPjFY427k6dFEcOL72O01QxQsWi761svJ/ev9xEDg=="],

    "@img/sharp-libvips-linux-arm": ["@img/sharp-libvips-linux-arm@1.0.5", "", { "os": "linux", "cpu": "arm" }, "sha512-gvcC4ACAOPRNATg/ov8/MnbxFDJqf/pDePbBnuBDcjsI8PssmjoKMAz4LtLaVi+OnSb5FK/yIOamqDwGmXW32g=="],

    "@img/sharp-libvips-linux-x64": ["@img/sharp-libvips-linux-x64@1.0.4", "", { "os": "linux", "cpu": "x64" }, "sha512-MmWmQ3iPFZr0Iev+BAgVMb3ZyC4KeFc3jFxnNbEPas60e1cIfevbtuyf9nDGIzOaW9PdnDciJm+wFFaTlj5xYw=="],

    "@img/sharp-linux-arm": ["@img/sharp-linux-arm@0.33.5", "", { "optionalDependencies": { "@img/sharp-libvips-linux-arm": "1.0.5" }, "os": "linux", "cpu": "arm" }, "sha512-JTS1eldqZbJxjvKaAkxhZmBqPRGmxgu+qFKSInv8moZ2AmT5Yib3EQ1c6gp493HvrvV8QgdOXdyaIBrhvFhBMQ=="],

    "@img/sharp-linux-x64": ["@img/sharp-linux-x64@0.33.5", "", { "optionalDependencies": { "@img/sharp-libvips-linux-x64": "1.0.4" }, "os": "linux", "cpu": "x64" }, "sha512-opC+Ok5pRNAzuvq1AG0ar+1owsu842/Ab+4qvU879ippJBHvyY5n2mxF1izXqkPYlGuP/M556uh53jRLJmzTWA=="],

    "@img/sharp-win32-x64": ["@img/sharp-win32-x64@0.33.5", "", { "os": "win32", "cpu": "x64" }, "sha512-MpY/o8/8kj+EcnxwvrP4aTJSWw/aZ7JIGR4aBeZkZw5B7/Jn+tY9/VNwtcoGmdT7GfggGIU4kygOMSbYnOrAbg=="],

    "@playwright/test": ["@playwright/test@1.50.1", "", { "dependencies": { "playwright": "1.50.1" }, "bin": { "playwright": "cli.js" } }, "sha512-Jii3aBg+CEDpgnuDxEp/h7BimHcUTDlpEtce89xEumlJ5ef2hqepZ+PWp1DDpYC/VO9fmWVI1IlEaoI5fK9FXQ=="],

    "@total-typescript/ts-reset": ["@total-typescript/ts-reset@0.6.1", "", {}, "sha512-cka47fVSo6lfQDIATYqb/vO1nvFfbPw7uWLayIXIhGETj0wcOOlrlkobOMDNQOFr9QOafegUPq13V2+6vtD7yg=="],

    "@types/bun": ["@types/bun@1.1.13", "", { "dependencies": { "bun-types": "1.1.34" } }, "sha512-KmQxSBgVWCl6RSuerlLGZlIWfdxkKqat0nxN61+qu4y1KDn0Ll3j7v1Pl8GnaL3a/U6GGWVTJh75ap62kR1E8Q=="],

    "@types/chrome": ["@types/chrome@0.0.243", "", { "dependencies": { "@types/filesystem": "*", "@types/har-format": "*" } }, "sha512-4PHv0kxxxpZFHWPBiJJ9TWH8kbx0567j1b2djnhpJjpiSGNI7UKkz7dSEECBtQ0B3N5nQTMwSB/5IopkWGAbEA=="],

    "@types/filesystem": ["@types/filesystem@0.0.32", "", { "dependencies": { "@types/filewriter": "*" } }, "sha512-Yuf4jR5YYMR2DVgwuCiP11s0xuVRyPKmz8vo6HBY3CGdeMj8af93CFZX+T82+VD1+UqHOxTq31lO7MI7lepBtQ=="],

    "@types/filewriter": ["@types/filewriter@0.0.29", "", {}, "sha512-BsPXH/irW0ht0Ji6iw/jJaK8Lj3FJemon2gvEqHKpCdDCeemHa+rI3WBGq5z7cDMZgoLjY40oninGxqk+8NzNQ=="],

    "@types/har-format": ["@types/har-format@1.2.11", "", {}, "sha512-T232/TneofqK30AD1LRrrf8KnjLvzrjWDp7eWST5KoiSzrBfRsLrWDPk4STQPW4NZG6v2MltnduBVmakbZOBIQ=="],

    "@types/node": ["@types/node@22.9.0", "", { "dependencies": { "undici-types": "~6.19.8" } }, "sha512-vuyHg81vvWA1Z1ELfvLko2c8f34gyA0zaic0+Rllc5lbCnbSyuvb2Oxpm6TAUAC/2xZN3QGqxBNggD1nNR2AfQ=="],

    "@types/webextension-polyfill": ["@types/webextension-polyfill@0.12.2", "", {}, "sha512-rUIyZfbj1TcxlV0IWyy7MUHnW24nqUfQR0F+vPru/3t4noA9Pd4sdG4sljQgQHLd1vYgmkFLSvEc/furzQPbUw=="],

    "@types/ws": ["@types/ws@8.5.13", "", { "dependencies": { "@types/node": "*" } }, "sha512-osM/gWBTPKgHV8XkTunnegTRIsvF6owmf5w+JtAfOw472dptdm0dlGv4xCt6GwQRcC2XVOvvRE/0bAoQcL2QkA=="],

    "bun-types": ["bun-types@1.1.34", "", { "dependencies": { "@types/node": "~20.12.8", "@types/ws": "~8.5.10" } }, "sha512-br5QygTEL/TwB4uQOb96Ky22j4Gq2WxWH/8Oqv20fk5HagwKXo/akB+LiYgSfzexCt6kkcUaVm+bKiPl71xPvw=="],

    "extpay": ["extpay@3.0.7", "", { "dependencies": { "webextension-polyfill": "^0.7.0" } }, "sha512-hvmB9qbduefUEY78k7vvYqgCQZ9mE3Tk42ppBNbffDgztdATVPDbHz/MrRozOEzUcio5Y5b63MY1oVvACW5bgA=="],

    "fsevents": ["fsevents@2.3.2", "", { "os": "darwin" }, "sha512-xiqMQR4xAeHTuB9uWm+fFRcIOgKBMiOBP+eXiyT7jsgVCq1bkVygt00oASowB7EdtpOHaaPgKt812P9ab+DDKA=="],

    "happy-dom": ["happy-dom@17.1.1", "", { "dependencies": { "webidl-conversions": "^7.0.0", "whatwg-mimetype": "^3.0.0" } }, "sha512-OSTkBlmD/6Do7gCd7nZB5iFq1bF9VQg/iFmjHmxvVX2S1UiOpo6sT+aFNnu3XUsB8hCZb9+GZ0G1g1TaMiAggw=="],

    "playwright": ["playwright@1.50.1", "", { "dependencies": { "playwright-core": "1.50.1" }, "optionalDependencies": { "fsevents": "2.3.2" }, "bin": { "playwright": "cli.js" } }, "sha512-G8rwsOQJ63XG6BbKj2w5rHeavFjy5zynBA9zsJMMtBoe/Uf757oG12NXz6e6OirF7RCrTVAKFXbLmn1RbL7Qaw=="],

    "playwright-core": ["playwright-core@1.50.1", "", { "bin": { "playwright-core": "cli.js" } }, "sha512-ra9fsNWayuYumt+NiM069M6OkcRb1FZSK8bgi66AtpFoWkg2+y0bJSNmkFrWhMbEBbVKC/EruAHH3g0zmtwGmQ=="],

    "typescript": ["typescript@5.6.3", "", { "bin": { "tsc": "bin/tsc", "tsserver": "bin/tsserver" } }, "sha512-hjcS1mhfuyi4WW8IWtjP7brDrG2cuDZukyrYrSauoXGNgx0S7zceP07adYkJycEr56BOUTNPzbInooiN3fn1qw=="],

    "undici-types": ["undici-types@6.19.8", "", {}, "sha512-ve2KP6f/JnbPBFyobGHuerC9g1FYGn/F8n1LWTwNxCEzd6IfqTwUQcNXgEtmmQ6DlRrC1hrSrBnCZPokRrDHjw=="],

    "webextension-polyfill": ["webextension-polyfill@0.12.0", "", {}, "sha512-97TBmpoWJEE+3nFBQ4VocyCdLKfw54rFaJ6EVQYLBCXqCIpLSZkwGgASpv4oPt9gdKCJ80RJlcmNzNn008Ag6Q=="],

    "webidl-conversions": ["webidl-conversions@7.0.0", "", {}, "sha512-VwddBukDzu71offAQR975unBIGqfKZpM+8ZX6ySk8nYhVoo5CYaZyzt3YBvYtRtO+aoGlqxPg/B87NGVZ/fu6g=="],

    "whatwg-mimetype": ["whatwg-mimetype@3.0.0", "", {}, "sha512-nt+N2dzIutVRxARx1nghPKGv1xHikU7HKdfafKkLNLindmPU/ch3U31NOCGGA/dmPcmb1VlofO0vnKAcsm0o/Q=="],

    "bun-types/@types/node": ["@types/node@20.12.14", "", { "dependencies": { "undici-types": "~5.26.4" } }, "sha512-scnD59RpYD91xngrQQLGkE+6UrHUPzeKZWhhjBSa3HSkwjbQc38+q3RoIVEwxQGRw3M+j5hpNAM+lgV3cVormg=="],

    "extpay/webextension-polyfill": ["webextension-polyfill@0.7.0", "", {}, "sha512-su48BkMLxqzTTvPSE1eWxKToPS2Tv5DLGxKexLEVpwFd6Po6N8hhSLIvG6acPAg7qERoEaDL+Y5HQJeJeml5Aw=="],

    "bun-types/@types/node/undici-types": ["undici-types@5.26.5", "", {}, "sha512-JlCMO+ehdEIKqlFxk6IfVoAUVmgz7cU7zD/h9XZ0qzeosSHmUJVOzSQvvYSYWXkFXC+IfLKSIffhv0sVZup6pA=="],
  }
}
