{
  "lockfileVersion": 1,
  "workspaces": {
    "": {
      "dependencies": {
        "extpay": "^3.0.7",
      },
      "devDependencies": {
        "@happy-dom/global-registrator": "^17.1.1",
        "@playwright/test": "^1.50.1",
        "@types/bun": "latest",
        "@types/chrome": "^0.0.243",
        "@types/node": "^22.9.0",
        "playwright": "^1.50.1",
      },
      "peerDependencies": {
        "typescript": "^5.0.0",
      },
    },
  },
  "packages": {
    "@happy-dom/global-registrator": ["@happy-dom/global-registrator@17.1.1", "", { "dependencies": { "happy-dom": "^17.1.1" } }, "sha512-if4TVRU4SnQwpOC9pN/a892nXPpctqER/rYIS9E/YsqwpaPANhMjFM7/+Ibd748gP6OuDJbspQ0axFrCscI1og=="],

    "@playwright/test": ["@playwright/test@1.50.1", "", { "dependencies": { "playwright": "1.50.1" }, "bin": { "playwright": "cli.js" } }, "sha512-Jii3aBg+CEDpgnuDxEp/h7BimHcUTDlpEtce89xEumlJ5ef2hqepZ+PWp1DDpYC/VO9fmWVI1IlEaoI5fK9FXQ=="],

    "@types/bun": ["@types/bun@1.1.13", "", { "dependencies": { "bun-types": "1.1.34" } }, "sha512-KmQxSBgVWCl6RSuerlLGZlIWfdxkKqat0nxN61+qu4y1KDn0Ll3j7v1Pl8GnaL3a/U6GGWVTJh75ap62kR1E8Q=="],

    "@types/chrome": ["@types/chrome@0.0.243", "", { "dependencies": { "@types/filesystem": "*", "@types/har-format": "*" } }, "sha512-4PHv0kxxxpZFHWPBiJJ9TWH8kbx0567j1b2djnhpJjpiSGNI7UKkz7dSEECBtQ0B3N5nQTMwSB/5IopkWGAbEA=="],

    "@types/filesystem": ["@types/filesystem@0.0.32", "", { "dependencies": { "@types/filewriter": "*" } }, "sha512-Yuf4jR5YYMR2DVgwuCiP11s0xuVRyPKmz8vo6HBY3CGdeMj8af93CFZX+T82+VD1+UqHOxTq31lO7MI7lepBtQ=="],

    "@types/filewriter": ["@types/filewriter@0.0.29", "", {}, "sha512-BsPXH/irW0ht0Ji6iw/jJaK8Lj3FJemon2gvEqHKpCdDCeemHa+rI3WBGq5z7cDMZgoLjY40oninGxqk+8NzNQ=="],

    "@types/har-format": ["@types/har-format@1.2.11", "", {}, "sha512-T232/TneofqK30AD1LRrrf8KnjLvzrjWDp7eWST5KoiSzrBfRsLrWDPk4STQPW4NZG6v2MltnduBVmakbZOBIQ=="],

    "@types/node": ["@types/node@22.9.0", "", { "dependencies": { "undici-types": "~6.19.8" } }, "sha512-vuyHg81vvWA1Z1ELfvLko2c8f34gyA0zaic0+Rllc5lbCnbSyuvb2Oxpm6TAUAC/2xZN3QGqxBNggD1nNR2AfQ=="],

    "@types/ws": ["@types/ws@8.5.13", "", { "dependencies": { "@types/node": "*" } }, "sha512-osM/gWBTPKgHV8XkTunnegTRIsvF6owmf5w+JtAfOw472dptdm0dlGv4xCt6GwQRcC2XVOvvRE/0bAoQcL2QkA=="],

    "bun-types": ["bun-types@1.1.34", "", { "dependencies": { "@types/node": "~20.12.8", "@types/ws": "~8.5.10" } }, "sha512-br5QygTEL/TwB4uQOb96Ky22j4Gq2WxWH/8Oqv20fk5HagwKXo/akB+LiYgSfzexCt6kkcUaVm+bKiPl71xPvw=="],

    "extpay": ["extpay@3.0.7", "", { "dependencies": { "webextension-polyfill": "^0.7.0" } }, "sha512-hvmB9qbduefUEY78k7vvYqgCQZ9mE3Tk42ppBNbffDgztdATVPDbHz/MrRozOEzUcio5Y5b63MY1oVvACW5bgA=="],

    "fsevents": ["fsevents@2.3.2", "", { "os": "darwin" }, "sha512-xiqMQR4xAeHTuB9uWm+fFRcIOgKBMiOBP+eXiyT7jsgVCq1bkVygt00oASowB7EdtpOHaaPgKt812P9ab+DDKA=="],

    "happy-dom": ["happy-dom@17.1.1", "", { "dependencies": { "webidl-conversions": "^7.0.0", "whatwg-mimetype": "^3.0.0" } }, "sha512-OSTkBlmD/6Do7gCd7nZB5iFq1bF9VQg/iFmjHmxvVX2S1UiOpo6sT+aFNnu3XUsB8hCZb9+GZ0G1g1TaMiAggw=="],

    "playwright": ["playwright@1.50.1", "", { "dependencies": { "playwright-core": "1.50.1" }, "optionalDependencies": { "fsevents": "2.3.2" }, "bin": { "playwright": "cli.js" } }, "sha512-G8rwsOQJ63XG6BbKj2w5rHeavFjy5zynBA9zsJMMtBoe/Uf757oG12NXz6e6OirF7RCrTVAKFXbLmn1RbL7Qaw=="],

    "playwright-core": ["playwright-core@1.50.1", "", { "bin": { "playwright-core": "cli.js" } }, "sha512-ra9fsNWayuYumt+NiM069M6OkcRb1FZSK8bgi66AtpFoWkg2+y0bJSNmkFrWhMbEBbVKC/EruAHH3g0zmtwGmQ=="],

    "typescript": ["typescript@5.6.3", "", { "bin": { "tsc": "bin/tsc", "tsserver": "bin/tsserver" } }, "sha512-hjcS1mhfuyi4WW8IWtjP7brDrG2cuDZukyrYrSauoXGNgx0S7zceP07adYkJycEr56BOUTNPzbInooiN3fn1qw=="],

    "undici-types": ["undici-types@6.19.8", "", {}, "sha512-ve2KP6f/JnbPBFyobGHuerC9g1FYGn/F8n1LWTwNxCEzd6IfqTwUQcNXgEtmmQ6DlRrC1hrSrBnCZPokRrDHjw=="],

    "webextension-polyfill": ["webextension-polyfill@0.7.0", "", {}, "sha512-su48BkMLxqzTTvPSE1eWxKToPS2Tv5DLGxKexLEVpwFd6Po6N8hhSLIvG6acPAg7qERoEaDL+Y5HQJeJeml5Aw=="],

    "webidl-conversions": ["webidl-conversions@7.0.0", "", {}, "sha512-VwddBukDzu71offAQR975unBIGqfKZpM+8ZX6ySk8nYhVoo5CYaZyzt3YBvYtRtO+aoGlqxPg/B87NGVZ/fu6g=="],

    "whatwg-mimetype": ["whatwg-mimetype@3.0.0", "", {}, "sha512-nt+N2dzIutVRxARx1nghPKGv1xHikU7HKdfafKkLNLindmPU/ch3U31NOCGGA/dmPcmb1VlofO0vnKAcsm0o/Q=="],

    "bun-types/@types/node": ["@types/node@20.12.14", "", { "dependencies": { "undici-types": "~5.26.4" } }, "sha512-scnD59RpYD91xngrQQLGkE+6UrHUPzeKZWhhjBSa3HSkwjbQc38+q3RoIVEwxQGRw3M+j5hpNAM+lgV3cVormg=="],

    "bun-types/@types/node/undici-types": ["undici-types@5.26.5", "", {}, "sha512-JlCMO+ehdEIKqlFxk6IfVoAUVmgz7cU7zD/h9XZ0qzeosSHmUJVOzSQvvYSYWXkFXC+IfLKSIffhv0sVZup6pA=="],
  }
}
