{
  "name": "github-actions-browser-notifications",
  "lockfileVersion": 3,
  "requires": true,
  "packages": {
    "": {
      "devDependencies": {
        "@types/chrome": "^0.0.243",
        "@types/webextension-polyfill": "^0.10.7"
      }
    },
    "node_modules/@types/chrome": {
      "version": "0.0.243",
      "dev": true,
      "license": "MIT",
      "dependencies": {
        "@types/filesystem": "*",
        "@types/har-format": "*"
      }
    },
    "node_modules/@types/filesystem": {
      "version": "0.0.32",
      "dev": true,
      "license": "MIT",
      "dependencies": {
        "@types/filewriter": "*"
      }
    },
    "node_modules/@types/filewriter": {
      "version": "0.0.29",
      "dev": true,
      "license": "MIT"
    },
    "node_modules/@types/har-format": {
      "version": "1.2.11",
      "dev": true,
      "license": "MIT"
    },
    "node_modules/@types/webextension-polyfill": {
      "version": "0.10.7",
      "dev": true,
      "license": "MIT"
    }
  }
}
